
Microsoft Visual Studio Solution File, Format Version 12.00
# Visual Studio Version 17
VisualStudioVersion = 17.7.34031.279
MinimumVisualStudioVersion = 10.0.40219.1
Project("{9A19103F-16F7-4668-BE54-9A1E7A4F7556}") = "Dizilere_Derinlemesine_Bakis", "Dizilere_Derinlemesine_Bakis\Dizilere_Derinlemesine_Bakis.csproj", "{6D8816D2-2C91-4AD8-B6C4-E92E108735F1}"
EndProject
Project("{9A19103F-16F7-4668-BE54-9A1E7A4F7556}") = "ref_return_and_ref_local", "ref_return_and_ref_local\ref_return_and_ref_local.csproj", "{ECFA747A-E160-4456-B3BB-2F8C99AE279E}"
EndProject
Project("{9A19103F-16F7-4668-BE54-9A1E7A4F7556}") = "Operator_Overloading", "Operator_Overloading\Operator_Overloading.csproj", "{B1E03632-2210-4D24-8E4A-38E9E26CA03E}"
EndProject
Project("{9A19103F-16F7-4668-BE54-9A1E7A4F7556}") = "Implicit_Explicit_Operators_Overloading", "Implicit_Explicit_Operators_Overloading\Implicit_Explicit_Operators_Overloading.csproj", "{F00ABB55-8DC4-4361-9EB8-4AD278B565E7}"
EndProject
Project("{FAE04EC0-301F-11D3-BF4B-00C04F79EFBC}") = "Exception_Handling", "Exception_Handling\Exception_Handling.csproj", "{F6B70057-B4A0-432A-90EB-CB84C9DBE0DF}"
EndProject
Global
	GlobalSection(SolutionConfigurationPlatforms) = preSolution
		Debug|Any CPU = Debug|Any CPU
		Release|Any CPU = Release|Any CPU
	EndGlobalSection
	GlobalSection(ProjectConfigurationPlatforms) = postSolution
		{6D8816D2-2C91-4AD8-B6C4-E92E108735F1}.Debug|Any CPU.ActiveCfg = Debug|Any CPU
		{6D8816D2-2C91-4AD8-B6C4-E92E108735F1}.Debug|Any CPU.Build.0 = Debug|Any CPU
		{6D8816D2-2C91-4AD8-B6C4-E92E108735F1}.Release|Any CPU.ActiveCfg = Release|Any CPU
		{6D8816D2-2C91-4AD8-B6C4-E92E108735F1}.Release|Any CPU.Build.0 = Release|Any CPU
		{ECFA747A-E160-4456-B3BB-2F8C99AE279E}.Debug|Any CPU.ActiveCfg = Debug|Any CPU
		{ECFA747A-E160-4456-B3BB-2F8C99AE279E}.Debug|Any CPU.Build.0 = Debug|Any CPU
		{ECFA747A-E160-4456-B3BB-2F8C99AE279E}.Release|Any CPU.ActiveCfg = Release|Any CPU
		{ECFA747A-E160-4456-B3BB-2F8C99AE279E}.Release|Any CPU.Build.0 = Release|Any CPU
		{B1E03632-2210-4D24-8E4A-38E9E26CA03E}.Debug|Any CPU.ActiveCfg = Debug|Any CPU
		{B1E03632-2210-4D24-8E4A-38E9E26CA03E}.Debug|Any CPU.Build.0 = Debug|Any CPU
		{B1E03632-2210-4D24-8E4A-38E9E26CA03E}.Release|Any CPU.ActiveCfg = Release|Any CPU
		{B1E03632-2210-4D24-8E4A-38E9E26CA03E}.Release|Any CPU.Build.0 = Release|Any CPU
		{F00ABB55-8DC4-4361-9EB8-4AD278B565E7}.Debug|Any CPU.ActiveCfg = Debug|Any CPU
		{F00ABB55-8DC4-4361-9EB8-4AD278B565E7}.Debug|Any CPU.Build.0 = Debug|Any CPU
		{F00ABB55-8DC4-4361-9EB8-4AD278B565E7}.Release|Any CPU.ActiveCfg = Release|Any CPU
		{F00ABB55-8DC4-4361-9EB8-4AD278B565E7}.Release|Any CPU.Build.0 = Release|Any CPU
		{F6B70057-B4A0-432A-90EB-CB84C9DBE0DF}.Debug|Any CPU.ActiveCfg = Debug|Any CPU
		{F6B70057-B4A0-432A-90EB-CB84C9DBE0DF}.Debug|Any CPU.Build.0 = Debug|Any CPU
		{F6B70057-B4A0-432A-90EB-CB84C9DBE0DF}.Release|Any CPU.ActiveCfg = Release|Any CPU
		{F6B70057-B4A0-432A-90EB-CB84C9DBE0DF}.Release|Any CPU.Build.0 = Release|Any CPU
	EndGlobalSection
	GlobalSection(SolutionProperties) = preSolution
		HideSolutionNode = FALSE
	EndGlobalSection
	GlobalSection(ExtensibilityGlobals) = postSolution
		SolutionGuid = {2B5953AF-BEC4-4198-A784-3ED054BA1955}
	EndGlobalSection
EndGlobal
